
Microsoft Visual Studio Solution File, Format Version 12.00
# Visual Studio Version 16
VisualStudioVersion = 16.0.29306.81
MinimumVisualStudioVersion = 10.0.40219.1
Project("{FAE04EC0-301F-11D3-BF4B-00C04F79EFBC}") = "MovieWatchList", "MovieWatchList\MovieWatchList.csproj", "{97CC5910-23BC-4429-BAA1-FD130C961D1A}"
EndProject
Global
	GlobalSection(SolutionConfigurationPlatforms) = preSolution
		Debug|Any CPU = Debug|Any CPU
		Release|Any CPU = Release|Any CPU
	EndGlobalSection
	GlobalSection(ProjectConfigurationPlatforms) = postSolution
		{97CC5910-23BC-4429-BAA1-FD130C961D1A}.Debug|Any CPU.ActiveCfg = Debug|Any CPU
		{97CC5910-23BC-4429-BAA1-FD130C961D1A}.Debug|Any CPU.Build.0 = Debug|Any CPU
		{97CC5910-23BC-4429-BAA1-FD130C961D1A}.Release|Any CPU.ActiveCfg = Release|Any CPU
		{97CC5910-23BC-4429-BAA1-FD130C961D1A}.Release|Any CPU.Build.0 = Release|Any CPU
	EndGlobalSection
	GlobalSection(SolutionProperties) = preSolution
		HideSolutionNode = FALSE
	EndGlobalSection
	GlobalSection(ExtensibilityGlobals) = postSolution
		SolutionGuid = {92664C7E-BB36-4C42-8284-1031462FB9FA}
	EndGlobalSection
EndGlobal
